// !$*UTF8*$!
{
	archiveVersion = 1;
	classes = {
	};
	objectVersion = 46;
	objects = {

/* Begin PBXBuildFile section */
		B95691021BA9A0D200015D04 /* main.m in Sources */ = {isa = PBXBuildFile; fileRef = B95691011BA9A0D200015D04 /* main.m */; };
		B95691051BA9A0D200015D04 /* AppDelegate.m in Sources */ = {isa = PBXBuildFile; fileRef = B95691041BA9A0D200015D04 /* AppDelegate.m */; };
		B95691071BA9A0D200015D04 /* Images.xcassets in Resources */ = {isa = PBXBuildFile; fileRef = B95691061BA9A0D200015D04 /* Images.xcassets */; };
		B956910A1BA9A0D200015D04 /* LaunchScreen.xib in Resources */ = {isa = PBXBuildFile; fileRef = B95691081BA9A0D200015D04 /* LaunchScreen.xib */; };
		B95691161BA9A0D200015D04 /* GWLTests.m in Sources */ = {isa = PBXBuildFile; fileRef = B95691151BA9A0D200015D04 /* GWLTests.m */; };
		B95691211BA9A0E000015D04 /* RootViewController.m in Sources */ = {isa = PBXBuildFile; fileRef = B95691201BA9A0E000015D04 /* RootViewController.m */; };
		B9EB8AD11BAAB18300C5CBEB /* TbCustomButton.m in Sources */ = {isa = PBXBuildFile; fileRef = B9EB8AD01BAAB18300C5CBEB /* TbCustomButton.m */; };
/* End PBXBuildFile section */

/* Begin PBXContainerItemProxy section */
		B95691101BA9A0D200015D04 /* PBXContainerItemProxy */ = {
			isa = PBXContainerItemProxy;
			containerPortal = B95690F41BA9A0D200015D04 /* Project object */;
			proxyType = 1;
			remoteGlobalIDString = B95690FB1BA9A0D200015D04;
			remoteInfo = GWL;
		};
/* End PBXContainerItemProxy section */

/* Begin PBXFileReference section */
		B95690FC1BA9A0D200015D04 /* GWL.app */ = {isa = PBXFileReference; explicitFileType = wrapper.application; includeInIndex = 0; path = GWL.app; sourceTree = BUILT_PRODUCTS_DIR; };
		B95691001BA9A0D200015D04 /* Info.plist */ = {isa = PBXFileReference; lastKnownFileType = text.plist.xml; path = Info.plist; sourceTree = "<group>"; };
		B95691011BA9A0D200015D04 /* main.m */ = {isa = PBXFileReference; lastKnownFileType = sourcecode.c.objc; path = main.m; sourceTree = "<group>"; };
		B95691031BA9A0D200015D04 /* AppDelegate.h */ = {isa = PBXFileReference; lastKnownFileType = sourcecode.c.h; path = AppDelegate.h; sourceTree = "<group>"; };
		B95691041BA9A0D200015D04 /* AppDelegate.m */ = {isa = PBXFileReference; lastKnownFileType = sourcecode.c.objc; path = AppDelegate.m; sourceTree = "<group>"; };
		B95691061BA9A0D200015D04 /* Images.xcassets */ = {isa = PBXFileReference; lastKnownFileType = folder.assetcatalog; path = Images.xcassets; sourceTree = "<group>"; };
		B95691091BA9A0D200015D04 /* Base */ = {isa = PBXFileReference; lastKnownFileType = file.xib; name = Base; path = Base.lproj/LaunchScreen.xib; sourceTree = "<group>"; };
		B956910F1BA9A0D200015D04 /* GWLTests.xctest */ = {isa = PBXFileReference; explicitFileType = wrapper.cfbundle; includeInIndex = 0; path = GWLTests.xctest; sourceTree = BUILT_PRODUCTS_DIR; };
		B95691141BA9A0D200015D04 /* Info.plist */ = {isa = PBXFileReference; lastKnownFileType = text.plist.xml; path = Info.plist; sourceTree = "<group>"; };
		B95691151BA9A0D200015D04 /* GWLTests.m */ = {isa = PBXFileReference; lastKnownFileType = sourcecode.c.objc; path = GWLTests.m; sourceTree = "<group>"; };
		B956911F1BA9A0E000015D04 /* RootViewController.h */ = {isa = PBXFileReference; fileEncoding = 4; lastKnownFileType = sourcecode.c.h; path = RootViewController.h; sourceTree = "<group>"; };
		B95691201BA9A0E000015D04 /* RootViewController.m */ = {isa = PBXFileReference; fileEncoding = 4; lastKnownFileType = sourcecode.c.objc; path = RootViewController.m; sourceTree = "<group>"; };
		B9EB8ACF1BAAB18300C5CBEB /* TbCustomButton.h */ = {isa = PBXFileReference; fileEncoding = 4; lastKnownFileType = sourcecode.c.h; name = TbCustomButton.h; path = GWL/TbCustomButton.h; sourceTree = SOURCE_ROOT; };
		B9EB8AD01BAAB18300C5CBEB /* TbCustomButton.m */ = {isa = PBXFileReference; fileEncoding = 4; lastKnownFileType = sourcecode.c.objc; name = TbCustomButton.m; path = GWL/TbCustomButton.m; sourceTree = SOURCE_ROOT; };
/* End PBXFileReference section */

/* Begin PBXFrameworksBuildPhase section */
		B95690F91BA9A0D200015D04 /* Frameworks */ = {
			isa = PBXFrameworksBuildPhase;
			buildActionMask = 2147483647;
			files = (
			);
			runOnlyForDeploymentPostprocessing = 0;
		};
		B956910C1BA9A0D200015D04 /* Frameworks */ = {
			isa = PBXFrameworksBuildPhase;
			buildActionMask = 2147483647;
			files = (
			);
			runOnlyForDeploymentPostprocessing = 0;
		};
/* End PBXFrameworksBuildPhase section */

/* Begin PBXGroup section */
		B95690F31BA9A0D200015D04 = {
			isa = PBXGroup;
			children = (
				B95690FE1BA9A0D200015D04 /* GWL */,
				B95691121BA9A0D200015D04 /* GWLTests */,
				B95690FD1BA9A0D200015D04 /* Products */,
			);
			sourceTree = "<group>";
		};
		B95690FD1BA9A0D200015D04 /* Products */ = {
			isa = PBXGroup;
			children = (
				B95690FC1BA9A0D200015D04 /* GWL.app */,
				B956910F1BA9A0D200015D04 /* GWLTests.xctest */,
			);
			name = Products;
			sourceTree = "<group>";
		};
		B95690FE1BA9A0D200015D04 /* GWL */ = {
			isa = PBXGroup;
			children = (
				B95691031BA9A0D200015D04 /* AppDelegate.h */,
				B95691041BA9A0D200015D04 /* AppDelegate.m */,
				B956911F1BA9A0E000015D04 /* RootViewController.h */,
				B95691201BA9A0E000015D04 /* RootViewController.m */,
				B95691221BA9A14300015D04 /* Common */,
				B95691061BA9A0D200015D04 /* Images.xcassets */,
				B95691081BA9A0D200015D04 /* LaunchScreen.xib */,
				B95690FF1BA9A0D200015D04 /* Supporting Files */,
			);
			path = GWL;
			sourceTree = "<group>";
		};
		B95690FF1BA9A0D200015D04 /* Supporting Files */ = {
			isa = PBXGroup;
			children = (
				B95691001BA9A0D200015D04 /* Info.plist */,
				B95691011BA9A0D200015D04 /* main.m */,
			);
			name = "Supporting Files";
			sourceTree = "<group>";
		};
		B95691121BA9A0D200015D04 /* GWLTests */ = {
			isa = PBXGroup;
			children = (
				B95691151BA9A0D200015D04 /* GWLTests.m */,
				B95691131BA9A0D200015D04 /* Supporting Files */,
			);
			path = GWLTests;
			sourceTree = "<group>";
		};
		B95691131BA9A0D200015D04 /* Supporting Files */ = {
			isa = PBXGroup;
			children = (
				B95691141BA9A0D200015D04 /* Info.plist */,
			);
			name = "Supporting Files";
			sourceTree = "<group>";
		};
		B95691221BA9A14300015D04 /* Common */ = {
			isa = PBXGroup;
			children = (
				B9EB8ACF1BAAB18300C5CBEB /* TbCustomButton.h */,
				B9EB8AD01BAAB18300C5CBEB /* TbCustomButton.m */,
			);
			path = Common;
			sourceTree = "<group>";
		};
/* End PBXGroup section */

/* Begin PBXNativeTarget section */
		B95690FB1BA9A0D200015D04 /* GWL */ = {
			isa = PBXNativeTarget;
			buildConfigurationList = B95691191BA9A0D200015D04 /* Build configuration list for PBXNativeTarget "GWL" */;
			buildPhases = (
				B95690F81BA9A0D200015D04 /* Sources */,
				B95690F91BA9A0D200015D04 /* Frameworks */,
				B95690FA1BA9A0D200015D04 /* Resources */,
			);
			buildRules = (
			);
			dependencies = (
			);
			name = GWL;
			productName = GWL;
			productReference = B95690FC1BA9A0D200015D04 /* GWL.app */;
			productType = "com.apple.product-type.application";
		};
		B956910E1BA9A0D200015D04 /* GWLTests */ = {
			isa = PBXNativeTarget;
			buildConfigurationList = B956911C1BA9A0D200015D04 /* Build configuration list for PBXNativeTarget "GWLTests" */;
			buildPhases = (
				B956910B1BA9A0D200015D04 /* Sources */,
				B956910C1BA9A0D200015D04 /* Frameworks */,
				B956910D1BA9A0D200015D04 /* Resources */,
			);
			buildRules = (
			);
			dependencies = (
				B95691111BA9A0D200015D04 /* PBXTargetDependency */,
			);
			name = GWLTests;
			productName = GWLTests;
			productReference = B956910F1BA9A0D200015D04 /* GWLTests.xctest */;
			productType = "com.apple.product-type.bundle.unit-test";
		};
/* End PBXNativeTarget section */

/* Begin PBXProject section */
		B95690F41BA9A0D200015D04 /* Project object */ = {
			isa = PBXProject;
			attributes = {
				LastUpgradeCheck = 0600;
				ORGANIZATIONNAME = XXT;
				TargetAttributes = {
					B95690FB1BA9A0D200015D04 = {
						CreatedOnToolsVersion = 6.0.1;
					};
					B956910E1BA9A0D200015D04 = {
						CreatedOnToolsVersion = 6.0.1;
						TestTargetID = B95690FB1BA9A0D200015D04;
					};
				};
			};
			buildConfigurationList = B95690F71BA9A0D200015D04 /* Build configuration list for PBXProject "GWL" */;
			compatibilityVersion = "Xcode 3.2";
			developmentRegion = English;
			hasScannedForEncodings = 0;
			knownRegions = (
				en,
				Base,
			);
			mainGroup = B95690F31BA9A0D200015D04;
			productRefGroup = B95690FD1BA9A0D200015D04 /* Products */;
			projectDirPath = "";
			projectRoot = "";
			targets = (
				B95690FB1BA9A0D200015D04 /* GWL */,
				B956910E1BA9A0D200015D04 /* GWLTests */,
			);
		};
/* End PBXProject section */

/* Begin PBXResourcesBuildPhase section */
		B95690FA1BA9A0D200015D04 /* Resources */ = {
			isa = PBXResourcesBuildPhase;
			buildActionMask = 2147483647;
			files = (
				B956910A1BA9A0D200015D04 /* LaunchScreen.xib in Resources */,
				B95691071BA9A0D200015D04 /* Images.xcassets in Resources */,
			);
			runOnlyForDeploymentPostprocessing = 0;
		};
		B956910D1BA9A0D200015D04 /* Resources */ = {
			isa = PBXResourcesBuildPhase;
			buildActionMask = 2147483647;
			files = (
			);
			runOnlyForDeploymentPostprocessing = 0;
		};
/* End PBXResourcesBuildPhase section */

/* Begin PBXSourcesBuildPhase section */
		B95690F81BA9A0D200015D04 /* Sources */ = {
			isa = PBXSourcesBuildPhase;
			buildActionMask = 2147483647;
			files = (
				B95691051BA9A0D200015D04 /* AppDelegate.m in Sources */,
				B9EB8AD11BAAB18300C5CBEB /* TbCustomButton.m in Sources */,
				B95691021BA9A0D200015D04 /* main.m in Sources */,
				B95691211BA9A0E000015D04 /* RootViewController.m in Sources */,
			);
			runOnlyForDeploymentPostprocessing = 0;
		};
		B956910B1BA9A0D200015D04 /* Sources */ = {
			isa = PBXSourcesBuildPhase;
			buildActionMask = 2147483647;
			files = (
				B95691161BA9A0D200015D04 /* GWLTests.m in Sources */,
			);
			runOnlyForDeploymentPostprocessing = 0;
		};
/* End PBXSourcesBuildPhase section */

/* Begin PBXTargetDependency section */
		B95691111BA9A0D200015D04 /* PBXTargetDependency */ = {
			isa = PBXTargetDependency;
			target = B95690FB1BA9A0D200015D04 /* GWL */;
			targetProxy = B95691101BA9A0D200015D04 /* PBXContainerItemProxy */;
		};
/* End PBXTargetDependency section */

/* Begin PBXVariantGroup section */
		B95691081BA9A0D200015D04 /* LaunchScreen.xib */ = {
			isa = PBXVariantGroup;
			children = (
				B95691091BA9A0D200015D04 /* Base */,
			);
			name = LaunchScreen.xib;
			sourceTree = "<group>";
		};
/* End PBXVariantGroup section */

/* Begin XCBuildConfiguration section */
		B95691171BA9A0D200015D04 /* Debug */ = {
			isa = XCBuildConfiguration;
			buildSettings = {
				ALWAYS_SEARCH_USER_PATHS = NO;
				CLANG_CXX_LANGUAGE_STANDARD = "gnu++0x";
				CLANG_CXX_LIBRARY = "libc++";
				CLANG_ENABLE_MODULES = YES;
				CLANG_ENABLE_OBJC_ARC = YES;
				CLANG_WARN_BOOL_CONVERSION = YES;
				CLANG_WARN_CONSTANT_CONVERSION = YES;
				CLANG_WARN_DIRECT_OBJC_ISA_USAGE = YES_ERROR;
				CLANG_WARN_EMPTY_BODY = YES;
				CLANG_WARN_ENUM_CONVERSION = YES;
				CLANG_WARN_INT_CONVERSION = YES;
				CLANG_WARN_OBJC_ROOT_CLASS = YES_ERROR;
				CLANG_WARN_UNREACHABLE_CODE = YES;
				CLANG_WARN__DUPLICATE_METHOD_MATCH = YES;
				"CODE_SIGN_IDENTITY[sdk=iphoneos*]" = "iPhone Developer";
				COPY_PHASE_STRIP = NO;
				ENABLE_STRICT_OBJC_MSGSEND = YES;
				GCC_C_LANGUAGE_STANDARD = gnu99;
				GCC_DYNAMIC_NO_PIC = NO;
				GCC_OPTIMIZATION_LEVEL = 0;
				GCC_PREPROCESSOR_DEFINITIONS = (
					"DEBUG=1",
					"$(inherited)",
				);
				GCC_SYMBOLS_PRIVATE_EXTERN = NO;
				GCC_WARN_64_TO_32_BIT_CONVERSION = YES;
				GCC_WARN_ABOUT_RETURN_TYPE = YES_ERROR;
				GCC_WARN_UNDECLARED_SELECTOR = YES;
				GCC_WARN_UNINITIALIZED_AUTOS = YES_AGGRESSIVE;
				GCC_WARN_UNUSED_FUNCTION = YES;
				GCC_WARN_UNUSED_VARIABLE = YES;
				IPHONEOS_DEPLOYMENT_TARGET = 8.0;
				MTL_ENABLE_DEBUG_INFO = YES;
				ONLY_ACTIVE_ARCH = YES;
				SDKROOT = iphoneos;
				TARGETED_DEVICE_FAMILY = "1,2";
			};
			name = Debug;
		};
		B95691181BA9A0D200015D04 /* Release */ = {
			isa = XCBuildConfiguration;
			buildSettings = {
				ALWAYS_SEARCH_USER_PATHS = NO;
				CLANG_CXX_LANGUAGE_STANDARD = "gnu++0x";
				CLANG_CXX_LIBRARY = "libc++";
				CLANG_ENABLE_MODULES = YES;
				CLANG_ENABLE_OBJC_ARC = YES;
				CLANG_WARN_BOOL_CONVERSION = YES;
				CLANG_WARN_CONSTANT_CONVERSION = YES;
				CLANG_WARN_DIRECT_OBJC_ISA_USAGE = YES_ERROR;
				CLANG_WARN_EMPTY_BODY = YES;
				CLANG_WARN_ENUM_CONVERSION = YES;
				CLANG_WARN_INT_CONVERSION = YES;
				CLANG_WARN_OBJC_ROOT_CLASS = YES_ERROR;
				CLANG_WARN_UNREACHABLE_CODE = YES;
				CLANG_WARN__DUPLICATE_METHOD_MATCH = YES;
				"CODE_SIGN_IDENTITY[sdk=iphoneos*]" = "iPhone Developer";
				COPY_PHASE_STRIP = YES;
				ENABLE_NS_ASSERTIONS = NO;
				ENABLE_STRICT_OBJC_MSGSEND = YES;
				GCC_C_LANGUAGE_STANDARD = gnu99;
				GCC_WARN_64_TO_32_BIT_CONVERSION = YES;
				GCC_WARN_ABOUT_RETURN_TYPE = YES_ERROR;
				GCC_WARN_UNDECLARED_SELECTOR = YES;
				GCC_WARN_UNINITIALIZED_AUTOS = YES_AGGRESSIVE;
				GCC_WARN_UNUSED_FUNCTION = YES;
				GCC_WARN_UNUSED_VARIABLE = YES;
				IPHONEOS_DEPLOYMENT_TARGET = 8.0;
				MTL_ENABLE_DEBUG_INFO = NO;
				SDKROOT = iphoneos;
				TARGETED_DEVICE_FAMILY = "1,2";
				VALIDATE_PRODUCT = YES;
			};
			name = Release;
		};
		B956911A1BA9A0D200015D04 /* Debug */ = {
			isa = XCBuildConfiguration;
			buildSettings = {
				ASSETCATALOG_COMPILER_APPICON_NAME = AppIcon;
				INFOPLIST_FILE = GWL/Info.plist;
				LD_RUNPATH_SEARCH_PATHS = "$(inherited) @executable_path/Frameworks";
				PRODUCT_NAME = "$(TARGET_NAME)";
			};
			name = Debug;
		};
		B956911B1BA9A0D200015D04 /* Release */ = {
			isa = XCBuildConfiguration;
			buildSettings = {
				ASSETCATALOG_COMPILER_APPICON_NAME = AppIcon;
				INFOPLIST_FILE = GWL/Info.plist;
				LD_RUNPATH_SEARCH_PATHS = "$(inherited) @executable_path/Frameworks";
				PRODUCT_NAME = "$(TARGET_NAME)";
			};
			name = Release;
		};
		B956911D1BA9A0D200015D04 /* Debug */ = {
			isa = XCBuildConfiguration;
			buildSettings = {
				BUNDLE_LOADER = "$(TEST_HOST)";
				FRAMEWORK_SEARCH_PATHS = (
					"$(SDKROOT)/Developer/Library/Frameworks",
					"$(inherited)",
				);
				GCC_PREPROCESSOR_DEFINITIONS = (
					"DEBUG=1",
					"$(inherited)",
				);
				INFOPLIST_FILE = GWLTests/Info.plist;
				LD_RUNPATH_SEARCH_PATHS = "$(inherited) @executable_path/Frameworks @loader_path/Frameworks";
				PRODUCT_NAME = "$(TARGET_NAME)";
				TEST_HOST = "$(BUILT_PRODUCTS_DIR)/GWL.app/GWL";
			};
			name = Debug;
		};
		B956911E1BA9A0D200015D04 /* Release */ = {
			isa = XCBuildConfiguration;
			buildSettings = {
				BUNDLE_LOADER = "$(TEST_HOST)";
				FRAMEWORK_SEARCH_PATHS = (
					"$(SDKROOT)/Developer/Library/Frameworks",
					"$(inherited)",
				);
				INFOPLIST_FILE = GWLTests/Info.plist;
				LD_RUNPATH_SEARCH_PATHS = "$(inherited) @executable_path/Frameworks @loader_path/Frameworks";
				PRODUCT_NAME = "$(TARGET_NAME)";
				TEST_HOST = "$(BUILT_PRODUCTS_DIR)/GWL.app/GWL";
			};
			name = Release;
		};
/* End XCBuildConfiguration section */

/* Begin XCConfigurationList section */
		B95690F71BA9A0D200015D04 /* Build configuration list for PBXProject "GWL" */ = {
			isa = XCConfigurationList;
			buildConfigurations = (
				B95691171BA9A0D200015D04 /* Debug */,
				B95691181BA9A0D200015D04 /* Release */,
			);
			defaultConfigurationIsVisible = 0;
			defaultConfigurationName = Release;
		};
		B95691191BA9A0D200015D04 /* Build configuration list for PBXNativeTarget "GWL" */ = {
			isa = XCConfigurationList;
			buildConfigurations = (
				B956911A1BA9A0D200015D04 /* Debug */,
				B956911B1BA9A0D200015D04 /* Release */,
			);
			defaultConfigurationIsVisible = 0;
			defaultConfigurationName = Release;
		};
		B956911C1BA9A0D200015D04 /* Build configuration list for PBXNativeTarget "GWLTests" */ = {
			isa = XCConfigurationList;
			buildConfigurations = (
				B956911D1BA9A0D200015D04 /* Debug */,
				B956911E1BA9A0D200015D04 /* Release */,
			);
			defaultConfigurationIsVisible = 0;
			defaultConfigurationName = Release;
		};
/* End XCConfigurationList section */
	};
	rootObject = B95690F41BA9A0D200015D04 /* Project object */;
}
